
Microsoft Visual Studio Solution File, Format Version 12.00
# Visual Studio 15
VisualStudioVersion = 15.0.28010.2026
MinimumVisualStudioVersion = 10.0.40219.1
Project("{FAE04EC0-301F-11D3-BF4B-00C04F79EFBC}") = "ParkingAppReCaller.Android", "ParkingAppReCaller\ParkingAppReCaller.Android\ParkingAppReCaller.Android.csproj", "{3EDB92FB-F52C-4301-8ABD-D007F2790737}"
EndProject
Project("{FAE04EC0-301F-11D3-BF4B-00C04F79EFBC}") = "ParkingAppReCaller", "ParkingAppReCaller\ParkingAppReCaller\ParkingAppReCaller.csproj", "{0FF74CB9-D0A2-4BEC-B9C0-51A8615BFC4F}"
EndProject
Global
	GlobalSection(SolutionConfigurationPlatforms) = preSolution
		Debug|Any CPU = Debug|Any CPU
		Release|Any CPU = Release|Any CPU
	EndGlobalSection
	GlobalSection(ProjectConfigurationPlatforms) = postSolution
		{3EDB92FB-F52C-4301-8ABD-D007F2790737}.Debug|Any CPU.ActiveCfg = Debug|Any CPU
		{3EDB92FB-F52C-4301-8ABD-D007F2790737}.Debug|Any CPU.Build.0 = Debug|Any CPU
		{3EDB92FB-F52C-4301-8ABD-D007F2790737}.Debug|Any CPU.Deploy.0 = Debug|Any CPU
		{3EDB92FB-F52C-4301-8ABD-D007F2790737}.Release|Any CPU.ActiveCfg = Release|Any CPU
		{3EDB92FB-F52C-4301-8ABD-D007F2790737}.Release|Any CPU.Build.0 = Release|Any CPU
		{3EDB92FB-F52C-4301-8ABD-D007F2790737}.Release|Any CPU.Deploy.0 = Release|Any CPU
		{0FF74CB9-D0A2-4BEC-B9C0-51A8615BFC4F}.Debug|Any CPU.ActiveCfg = Debug|Any CPU
		{0FF74CB9-D0A2-4BEC-B9C0-51A8615BFC4F}.Debug|Any CPU.Build.0 = Debug|Any CPU
		{0FF74CB9-D0A2-4BEC-B9C0-51A8615BFC4F}.Debug|Any CPU.Deploy.0 = Debug|Any CPU
		{0FF74CB9-D0A2-4BEC-B9C0-51A8615BFC4F}.Release|Any CPU.ActiveCfg = Release|Any CPU
		{0FF74CB9-D0A2-4BEC-B9C0-51A8615BFC4F}.Release|Any CPU.Build.0 = Release|Any CPU
		{0FF74CB9-D0A2-4BEC-B9C0-51A8615BFC4F}.Release|Any CPU.Deploy.0 = Release|Any CPU
	EndGlobalSection
	GlobalSection(SolutionProperties) = preSolution
		HideSolutionNode = FALSE
	EndGlobalSection
	GlobalSection(ExtensibilityGlobals) = postSolution
		SolutionGuid = {91E754C6-F3AA-421D-91F8-1F6C9BF985C4}
	EndGlobalSection
EndGlobal
